
Microsoft Visual Studio Solution File, Format Version 12.00
# Visual Studio Version 17
VisualStudioVersion = 17.4.33213.308
MinimumVisualStudioVersion = 10.0.40219.1
Project("{FAE04EC0-301F-11D3-BF4B-00C04F79EFBC}") = "PROG_POE", "PROG_POE\PROG_POE.csproj", "{3887637C-2243-4345-961B-7BEE173E47B4}"
EndProject
Global
	GlobalSection(SolutionConfigurationPlatforms) = preSolution
		Debug|Any CPU = Debug|Any CPU
		Release|Any CPU = Release|Any CPU
	EndGlobalSection
	GlobalSection(ProjectConfigurationPlatforms) = postSolution
		{3887637C-2243-4345-961B-7BEE173E47B4}.Debug|Any CPU.ActiveCfg = Debug|Any CPU
		{3887637C-2243-4345-961B-7BEE173E47B4}.Debug|Any CPU.Build.0 = Debug|Any CPU
		{3887637C-2243-4345-961B-7BEE173E47B4}.Release|Any CPU.ActiveCfg = Release|Any CPU
		{3887637C-2243-4345-961B-7BEE173E47B4}.Release|Any CPU.Build.0 = Release|Any CPU
	EndGlobalSection
	GlobalSection(SolutionProperties) = preSolution
		HideSolutionNode = FALSE
	EndGlobalSection
	GlobalSection(ExtensibilityGlobals) = postSolution
		SolutionGuid = {65C349F3-9495-4538-8455-5B72BAE8E766}
	EndGlobalSection
EndGlobal
